
Microsoft Visual Studio Solution File, Format Version 12.00
# Visual Studio 15
VisualStudioVersion = 15.0.27428.2027
MinimumVisualStudioVersion = 10.0.40219.1
Project("{FAE04EC0-301F-11D3-BF4B-00C04F79EFBC}") = "Dell.CustomerService.WebApi", "Dell.CustomerService.WebApi\Dell.CustomerService.WebApi.csproj", "{B088853F-DE54-46F5-BC91-4F9D762C6842}"
EndProject
Global
	GlobalSection(SolutionConfigurationPlatforms) = preSolution
		Debug|Any CPU = Debug|Any CPU
		Release|Any CPU = Release|Any CPU
	EndGlobalSection
	GlobalSection(ProjectConfigurationPlatforms) = postSolution
		{B088853F-DE54-46F5-BC91-4F9D762C6842}.Debug|Any CPU.ActiveCfg = Debug|Any CPU
		{B088853F-DE54-46F5-BC91-4F9D762C6842}.Debug|Any CPU.Build.0 = Debug|Any CPU
		{B088853F-DE54-46F5-BC91-4F9D762C6842}.Release|Any CPU.ActiveCfg = Release|Any CPU
		{B088853F-DE54-46F5-BC91-4F9D762C6842}.Release|Any CPU.Build.0 = Release|Any CPU
	EndGlobalSection
	GlobalSection(SolutionProperties) = preSolution
		HideSolutionNode = FALSE
	EndGlobalSection
	GlobalSection(ExtensibilityGlobals) = postSolution
		SolutionGuid = {6FBD24F5-84E2-4FFF-AE56-5EA3C342D464}
	EndGlobalSection
EndGlobal
